
Microsoft Visual Studio Solution File, Format Version 12.00
# Visual Studio Version 17
VisualStudioVersion = 17.1.32328.378
MinimumVisualStudioVersion = 10.0.40219.1
Project("{2150E333-8FDC-42A3-9474-1A3956D46DE8}") = "00.Shared", "00.Shared", "{840CCA9E-C26D-48F2-AFF2-77D4C028CA2B}"
EndProject
Project("{2150E333-8FDC-42A3-9474-1A3956D46DE8}") = "01.Core", "01.Core", "{BD21A58C-5878-41E8-9794-13171A66D300}"
EndProject
Project("{2150E333-8FDC-42A3-9474-1A3956D46DE8}") = "02.Domain", "02.Domain", "{23CFE547-DDCD-4C02-9FCB-29F1C3894490}"
EndProject
Project("{2150E333-8FDC-42A3-9474-1A3956D46DE8}") = "03.Test", "03.Test", "{40A64E21-CF6D-480B-B873-7A8EA329A44A}"
EndProject
Project("{FAE04EC0-301F-11D3-BF4B-00C04F79EFBC}") = "Yunnios.Warehouse.Dto", "Yunnios.Warehouse.Dto\Yunnios.Warehouse.Dto.csproj", "{925ACDF1-F2FA-4D54-A878-0C06F942F495}"
EndProject
Project("{FAE04EC0-301F-11D3-BF4B-00C04F79EFBC}") = "Yunnios.Warehouse.Core", "Yunnios.Warehouse.Core\Yunnios.Warehouse.Core.csproj", "{F6010954-6A58-43E9-99EF-3AE1912F6162}"
EndProject
Project("{FAE04EC0-301F-11D3-BF4B-00C04F79EFBC}") = "Yunnios.Warehouse.Domain", "Yunnios.Warehouse.Domain\Yunnios.Warehouse.Domain.csproj", "{02588691-DEC4-4B75-B73D-1FBF9F45B154}"
EndProject
Global
	GlobalSection(SolutionConfigurationPlatforms) = preSolution
		Debug|Any CPU = Debug|Any CPU
		Release|Any CPU = Release|Any CPU
	EndGlobalSection
	GlobalSection(ProjectConfigurationPlatforms) = postSolution
		{925ACDF1-F2FA-4D54-A878-0C06F942F495}.Debug|Any CPU.ActiveCfg = Debug|Any CPU
		{925ACDF1-F2FA-4D54-A878-0C06F942F495}.Debug|Any CPU.Build.0 = Debug|Any CPU
		{925ACDF1-F2FA-4D54-A878-0C06F942F495}.Release|Any CPU.ActiveCfg = Release|Any CPU
		{925ACDF1-F2FA-4D54-A878-0C06F942F495}.Release|Any CPU.Build.0 = Release|Any CPU
		{F6010954-6A58-43E9-99EF-3AE1912F6162}.Debug|Any CPU.ActiveCfg = Debug|Any CPU
		{F6010954-6A58-43E9-99EF-3AE1912F6162}.Debug|Any CPU.Build.0 = Debug|Any CPU
		{F6010954-6A58-43E9-99EF-3AE1912F6162}.Release|Any CPU.ActiveCfg = Release|Any CPU
		{F6010954-6A58-43E9-99EF-3AE1912F6162}.Release|Any CPU.Build.0 = Release|Any CPU
		{02588691-DEC4-4B75-B73D-1FBF9F45B154}.Debug|Any CPU.ActiveCfg = Debug|Any CPU
		{02588691-DEC4-4B75-B73D-1FBF9F45B154}.Debug|Any CPU.Build.0 = Debug|Any CPU
		{02588691-DEC4-4B75-B73D-1FBF9F45B154}.Release|Any CPU.ActiveCfg = Release|Any CPU
		{02588691-DEC4-4B75-B73D-1FBF9F45B154}.Release|Any CPU.Build.0 = Release|Any CPU
	EndGlobalSection
	GlobalSection(SolutionProperties) = preSolution
		HideSolutionNode = FALSE
	EndGlobalSection
	GlobalSection(NestedProjects) = preSolution
		{925ACDF1-F2FA-4D54-A878-0C06F942F495} = {840CCA9E-C26D-48F2-AFF2-77D4C028CA2B}
		{F6010954-6A58-43E9-99EF-3AE1912F6162} = {BD21A58C-5878-41E8-9794-13171A66D300}
		{02588691-DEC4-4B75-B73D-1FBF9F45B154} = {23CFE547-DDCD-4C02-9FCB-29F1C3894490}
	EndGlobalSection
	GlobalSection(ExtensibilityGlobals) = postSolution
		SolutionGuid = {EA491458-2F52-483C-8A48-465EB8026D25}
	EndGlobalSection
EndGlobal
